
Microsoft Visual Studio Solution File, Format Version 12.00
# Visual Studio Version 16
VisualStudioVersion = 16.0.32510.428
MinimumVisualStudioVersion = 10.0.40219.1
Project("{9A19103F-16F7-4668-BE54-9A1E7A4F7556}") = "AreaFigures", "AreaFigures\AreaFigures.csproj", "{B0A5F7AC-9E31-4B50-8394-19743FE77F18}"
EndProject
Project("{FAE04EC0-301F-11D3-BF4B-00C04F79EFBC}") = "AreaFiguresTest", "AreaFiguresTest\AreaFiguresTest.csproj", "{B01F0312-D533-469E-A241-B27B9B2BE546}"
EndProject
Project("{FAE04EC0-301F-11D3-BF4B-00C04F79EFBC}") = "SQL_DATA", "SQL_DATA\SQL_DATA.csproj", "{DBA68CFF-AC12-4AB7-B28D-AC274471584E}"
EndProject
Global
	GlobalSection(SolutionConfigurationPlatforms) = preSolution
		Debug|Any CPU = Debug|Any CPU
		Release|Any CPU = Release|Any CPU
	EndGlobalSection
	GlobalSection(ProjectConfigurationPlatforms) = postSolution
		{B0A5F7AC-9E31-4B50-8394-19743FE77F18}.Debug|Any CPU.ActiveCfg = Debug|Any CPU
		{B0A5F7AC-9E31-4B50-8394-19743FE77F18}.Debug|Any CPU.Build.0 = Debug|Any CPU
		{B0A5F7AC-9E31-4B50-8394-19743FE77F18}.Release|Any CPU.ActiveCfg = Release|Any CPU
		{B0A5F7AC-9E31-4B50-8394-19743FE77F18}.Release|Any CPU.Build.0 = Release|Any CPU
		{B01F0312-D533-469E-A241-B27B9B2BE546}.Debug|Any CPU.ActiveCfg = Debug|Any CPU
		{B01F0312-D533-469E-A241-B27B9B2BE546}.Debug|Any CPU.Build.0 = Debug|Any CPU
		{B01F0312-D533-469E-A241-B27B9B2BE546}.Release|Any CPU.ActiveCfg = Release|Any CPU
		{B01F0312-D533-469E-A241-B27B9B2BE546}.Release|Any CPU.Build.0 = Release|Any CPU
		{DBA68CFF-AC12-4AB7-B28D-AC274471584E}.Debug|Any CPU.ActiveCfg = Debug|Any CPU
		{DBA68CFF-AC12-4AB7-B28D-AC274471584E}.Debug|Any CPU.Build.0 = Debug|Any CPU
		{DBA68CFF-AC12-4AB7-B28D-AC274471584E}.Release|Any CPU.ActiveCfg = Release|Any CPU
		{DBA68CFF-AC12-4AB7-B28D-AC274471584E}.Release|Any CPU.Build.0 = Release|Any CPU
	EndGlobalSection
	GlobalSection(SolutionProperties) = preSolution
		HideSolutionNode = FALSE
	EndGlobalSection
	GlobalSection(ExtensibilityGlobals) = postSolution
		SolutionGuid = {5266F250-AA99-4C07-B36B-E63A7C9646AC}
	EndGlobalSection
EndGlobal
